
Microsoft Visual Studio Solution File, Format Version 12.00
# Visual Studio Version 17
VisualStudioVersion = 17.8.34511.84
MinimumVisualStudioVersion = 10.0.40219.1
Project("{9A19103F-16F7-4668-BE54-9A1E7A4F7556}") = "EstoqueTI", "Frm_EstoquePrincipal\EstoqueTI.csproj", "{F828FF7F-8D10-4413-B68F-14BC13545CD6}"
EndProject
Project("{2150E333-8FDC-42A3-9474-1A3956D46DE8}") = "Solution Items", "Solution Items", "{7CE92686-4C47-47F5-8D1D-6FC04E02FD30}"
EndProject
Project("{FAE04EC0-301F-11D3-BF4B-00C04F79EFBC}") = "TesteDb", "TesteDb\TesteDb.csproj", "{8CA4124F-3C68-42E8-B952-45F87A526F64}"
EndProject
Global
	GlobalSection(SolutionConfigurationPlatforms) = preSolution
		Debug|Any CPU = Debug|Any CPU
		Release|Any CPU = Release|Any CPU
	EndGlobalSection
	GlobalSection(ProjectConfigurationPlatforms) = postSolution
		{F828FF7F-8D10-4413-B68F-14BC13545CD6}.Debug|Any CPU.ActiveCfg = Debug|Any CPU
		{F828FF7F-8D10-4413-B68F-14BC13545CD6}.Debug|Any CPU.Build.0 = Debug|Any CPU
		{F828FF7F-8D10-4413-B68F-14BC13545CD6}.Release|Any CPU.ActiveCfg = Release|Any CPU
		{F828FF7F-8D10-4413-B68F-14BC13545CD6}.Release|Any CPU.Build.0 = Release|Any CPU
		{8CA4124F-3C68-42E8-B952-45F87A526F64}.Debug|Any CPU.ActiveCfg = Debug|Any CPU
		{8CA4124F-3C68-42E8-B952-45F87A526F64}.Debug|Any CPU.Build.0 = Debug|Any CPU
		{8CA4124F-3C68-42E8-B952-45F87A526F64}.Release|Any CPU.ActiveCfg = Release|Any CPU
		{8CA4124F-3C68-42E8-B952-45F87A526F64}.Release|Any CPU.Build.0 = Release|Any CPU
	EndGlobalSection
	GlobalSection(SolutionProperties) = preSolution
		HideSolutionNode = FALSE
	EndGlobalSection
	GlobalSection(ExtensibilityGlobals) = postSolution
		SolutionGuid = {EB91535E-67B4-4D9E-AE28-8C7A4BA89E74}
	EndGlobalSection
EndGlobal
